
Microsoft Visual Studio Solution File, Format Version 12.00
# Visual Studio 15
VisualStudioVersion = 15.0.28307.329
MinimumVisualStudioVersion = 10.0.40219.1
Project("{FAE04EC0-301F-11D3-BF4B-00C04F79EFBC}") = "Guess_The_Number", "Guess_The_Number\Guess_The_Number.csproj", "{6E7D0239-23B8-4CA0-89C3-13BB4F2D477B}"
EndProject
Global
	GlobalSection(SolutionConfigurationPlatforms) = preSolution
		Debug|Any CPU = Debug|Any CPU
		Release|Any CPU = Release|Any CPU
	EndGlobalSection
	GlobalSection(ProjectConfigurationPlatforms) = postSolution
		{6E7D0239-23B8-4CA0-89C3-13BB4F2D477B}.Debug|Any CPU.ActiveCfg = Debug|Any CPU
		{6E7D0239-23B8-4CA0-89C3-13BB4F2D477B}.Debug|Any CPU.Build.0 = Debug|Any CPU
		{6E7D0239-23B8-4CA0-89C3-13BB4F2D477B}.Release|Any CPU.ActiveCfg = Release|Any CPU
		{6E7D0239-23B8-4CA0-89C3-13BB4F2D477B}.Release|Any CPU.Build.0 = Release|Any CPU
	EndGlobalSection
	GlobalSection(SolutionProperties) = preSolution
		HideSolutionNode = FALSE
	EndGlobalSection
	GlobalSection(ExtensibilityGlobals) = postSolution
		SolutionGuid = {57A6E95B-487D-48A5-B197-A660CD428D9A}
	EndGlobalSection
EndGlobal
